Microsoft Visual Studio Solution File, Format Version 12.00
# Visual Studio 15
VisualStudioVersion = 15.0.27019.1
MinimumVisualStudioVersion = 15.0.26124.0
Project("{2150E333-8FDC-42A3-9474-1A3956D46DE8}") = "src", "src", "{F82F9B04-478C-4A6F-B25A-25A32F8D8B87}"
EndProject
Project("{2150E333-8FDC-42A3-9474-1A3956D46DE8}") = "benchmarks", "benchmarks", "{B3E434B3-B575-44BF-AE35-487BCE8C789C}"
EndProject
Project("{9A19103F-16F7-4668-BE54-9A1E7A4F7556}") = "Microsoft.Extensions.Diagnostics.Tracing", "src\Microsoft.Extensions.Diagnostics.Tracing\Microsoft.Extensions.Diagnostics.Tracing.csproj", "{6BEFF60A-54A3-478E-9477-167AE307558E}"
EndProject
Project("{9A19103F-16F7-4668-BE54-9A1E7A4F7556}") = "Microsoft.Extensions.Diagnostics.Tracing.Benchmarks", "benchmarks\Microsoft.Extensions.Diagnostics.Tracing.Benchmarks\Microsoft.Extensions.Diagnostics.Tracing.Benchmarks.csproj", "{77E50EF5-5C53-4F3B-8C5E-D57B5BCF2C96}"
EndProject
Global
	GlobalSection(SolutionConfigurationPlatforms) = preSolution
		Debug|Any CPU = Debug|Any CPU
		Release|Any CPU = Release|Any CPU
	EndGlobalSection
	GlobalSection(ProjectConfigurationPlatforms) = postSolution
		{6BEFF60A-54A3-478E-9477-167AE307558E}.Debug|Any CPU.ActiveCfg = Debug|Any CPU
		{6BEFF60A-54A3-478E-9477-167AE307558E}.Debug|Any CPU.Build.0 = Debug|Any CPU
		{6BEFF60A-54A3-478E-9477-167AE307558E}.Release|Any CPU.ActiveCfg = Release|Any CPU
		{6BEFF60A-54A3-478E-9477-167AE307558E}.Release|Any CPU.Build.0 = Release|Any CPU
		{77E50EF5-5C53-4F3B-8C5E-D57B5BCF2C96}.Debug|Any CPU.ActiveCfg = Debug|Any CPU
		{77E50EF5-5C53-4F3B-8C5E-D57B5BCF2C96}.Debug|Any CPU.Build.0 = Debug|Any CPU
		{77E50EF5-5C53-4F3B-8C5E-D57B5BCF2C96}.Release|Any CPU.ActiveCfg = Release|Any CPU
		{77E50EF5-5C53-4F3B-8C5E-D57B5BCF2C96}.Release|Any CPU.Build.0 = Release|Any CPU
	EndGlobalSection
	GlobalSection(SolutionProperties) = preSolution
		HideSolutionNode = FALSE
	EndGlobalSection
	GlobalSection(NestedProjects) = preSolution
		{6BEFF60A-54A3-478E-9477-167AE307558E} = {F82F9B04-478C-4A6F-B25A-25A32F8D8B87}
		{77E50EF5-5C53-4F3B-8C5E-D57B5BCF2C96} = {B3E434B3-B575-44BF-AE35-487BCE8C789C}
	EndGlobalSection
	GlobalSection(ExtensibilityGlobals) = postSolution
		SolutionGuid = {FB84441B-4109-4FE0-9FCD-2A31A0B072AF}
	EndGlobalSection
EndGlobal
